
Microsoft Visual Studio Solution File, Format Version 12.00
# Visual Studio Version 17
VisualStudioVersion = 17.4.33213.308
MinimumVisualStudioVersion = 10.0.40219.1
Project("{FAE04EC0-301F-11D3-BF4B-00C04F79EFBC}") = "stackup_docker_db_demo", "stackup_docker_db_demo\stackup_docker_db_demo.csproj", "{F90D8066-84CE-4B62-842D-9C97AF292D12}"
EndProject
Project("{E53339B2-1760-4266-BCC7-CA923CBCF16C}") = "docker-compose", "docker-compose.dcproj", "{2720FE8E-EFF3-4E47-8FBF-53758A2F5009}"
EndProject
Global
	GlobalSection(SolutionConfigurationPlatforms) = preSolution
		Debug|Any CPU = Debug|Any CPU
		Release|Any CPU = Release|Any CPU
	EndGlobalSection
	GlobalSection(ProjectConfigurationPlatforms) = postSolution
		{F90D8066-84CE-4B62-842D-9C97AF292D12}.Debug|Any CPU.ActiveCfg = Debug|Any CPU
		{F90D8066-84CE-4B62-842D-9C97AF292D12}.Debug|Any CPU.Build.0 = Debug|Any CPU
		{F90D8066-84CE-4B62-842D-9C97AF292D12}.Release|Any CPU.ActiveCfg = Release|Any CPU
		{F90D8066-84CE-4B62-842D-9C97AF292D12}.Release|Any CPU.Build.0 = Release|Any CPU
		{2720FE8E-EFF3-4E47-8FBF-53758A2F5009}.Debug|Any CPU.ActiveCfg = Debug|Any CPU
		{2720FE8E-EFF3-4E47-8FBF-53758A2F5009}.Debug|Any CPU.Build.0 = Debug|Any CPU
		{2720FE8E-EFF3-4E47-8FBF-53758A2F5009}.Release|Any CPU.ActiveCfg = Release|Any CPU
		{2720FE8E-EFF3-4E47-8FBF-53758A2F5009}.Release|Any CPU.Build.0 = Release|Any CPU
	EndGlobalSection
	GlobalSection(SolutionProperties) = preSolution
		HideSolutionNode = FALSE
	EndGlobalSection
	GlobalSection(ExtensibilityGlobals) = postSolution
		SolutionGuid = {D831B16D-8108-4869-931B-7448AC27511D}
	EndGlobalSection
EndGlobal
